lockfileVersion: '9.0'

settings:
  autoInstallPeers: true
  excludeLinksFromLockfile: false

importers:

  .:
    dependencies:
      '@supabase/supabase-js':
        specifier: 2.26.0
        version: 2.26.0
      chart.js:
        specifier: 4.4.0
        version: 4.4.0
      next:
        specifier: 13.5.8
        version: 13.5.8(react-dom@18.2.0(react@18.2.0))(react@18.2.0)
      papaparse:
        specifier: 5.4.1
        version: 5.4.1
      react:
        specifier: 18.2.0
        version: 18.2.0
      react-chartjs-2:
        specifier: 5.2.0
        version: 5.2.0(chart.js@4.4.0)(react@18.2.0)
      react-dom:
        specifier: 18.2.0
        version: 18.2.0(react@18.2.0)

packages:

  '@kurkle/color@0.3.4':
    resolution: {integrity: sha512-M5UknZPHRu3DEDWoipU6sE8PdkZ6Z/S+v4dD+Ke8IaNlpdSQah50lz1KtcFBa2vsdOnwbbnxJwVM4wty6udA5w==}

  '@next/env@13.5.8':
    resolution: {integrity: sha512-YmiG58BqyZ2FjrF2+5uZExL2BrLr8RTQzLXNDJ8pJr0O+rPlOeDPXp1p1/4OrR3avDidzZo3D8QO2cuDv1KCkw==}

  '@next/swc-darwin-arm64@13.5.8':
    resolution: {integrity: sha512-HkFw3QPeIy9bImWVTbsvzfEWQkuzBEQTK/L7ORMg+9sXNN0vNR5Gz/chD4/VbozTHyA38lWTrMBfLoWVpD+2IA==}
    engines: {node: '>= 10'}
    cpu: [arm64]
    os: [darwin]

  '@next/swc-darwin-x64@13.5.8':
    resolution: {integrity: sha512-TpRTH5FyH4qGw0MCq6UE3yQGWtwhdDCwSE0wWcYwDWC5cpx3mGKVmAVKwDNbrpk0U5bl0tEzgxp5X4UPHWA81A==}
    engines: {node: '>= 10'}
    cpu: [x64]
    os: [darwin]

  '@next/swc-linux-arm64-gnu@13.5.8':
    resolution: {integrity: sha512-KUPKuu4EZCCTU5M61YLpuL2fKMWQRijJLtBk2Hph8FJUx6RsNRDwS0MVlJqAr2IwjJwrNxYm5QAdQ1LuRbrZMw==}
    engines: {node: '>= 10'}
    cpu: [arm64]
    os: [linux]

  '@next/swc-linux-arm64-musl@13.5.8':
    resolution: {integrity: sha512-hLyaBgXynyuVgqLwzcwF6loc0XuEz9zuK8XbzX5uslj3aqiw38l+qL1IJNLzHmkDX0nfVuBfIRV6QPsm0sCXnQ==}
    engines: {node: '>= 10'}
    cpu: [arm64]
    os: [linux]

  '@next/swc-linux-x64-gnu@13.5.8':
    resolution: {integrity: sha512-IhxeEpi+U85GU9p6bVSAFMwuCNRdpmHueM8Z9DRft8f70Rvt3Q9tNFJxqLxAbiGoNOR7TuLNjAw2wJucHfMw3g==}
    engines: {node: '>= 10'}
    cpu: [x64]
    os: [linux]

  '@next/swc-linux-x64-musl@13.5.8':
    resolution: {integrity: sha512-NQICDU7X/tcAVkTEfvpkq5Z1EViodDj3m18wiyJ5wpzOFf4LH7vFjLBVCWNcf3/sfqv/yfD8jshqrffOPtZitg==}
    engines: {node: '>= 10'}
    cpu: [x64]
    os: [linux]

  '@next/swc-win32-arm64-msvc@13.5.8':
    resolution: {integrity: sha512-ndLIuFI/26CrhG+pqGkW+yPV/xuIijgaZbzPhujlDaUGczizzXgnI78iuisdPdGoMHLlQ9pRkFUeMGzENdyEHg==}
    engines: {node: '>= 10'}
    cpu: [arm64]
    os: [win32]

  '@next/swc-win32-ia32-msvc@13.5.8':
    resolution: {integrity: sha512-9HUxSP76n8VbEtwZVNZDMY32Y4fm53ORaiopQkGQ4q54okYa5T8szhVkLTFKu4gaA/KJcJGvCC5dDIaqfSta1w==}
    engines: {node: '>= 10'}
    cpu: [ia32]
    os: [win32]

  '@next/swc-win32-x64-msvc@13.5.8':
    resolution: {integrity: sha512-WFisiehrLrkX/nv6Vg7CUT6tdrhO6Nv0mLh5zuYQ5GLD4OnaOHkBt9iRkOziMy7ny+qF+V7023+loZIV/R9j8A==}
    engines: {node: '>= 10'}
    cpu: [x64]
    os: [win32]

  '@supabase/functions-js@2.95.3':
    resolution: {integrity: sha512-uTuOAKzs9R/IovW1krO0ZbUHSJnsnyJElTXIRhjJTqymIVGcHzkAYnBCJqd7468Fs/Foz1BQ7Dv6DCl05lr7ig==}
    engines: {node: '>=20.0.0'}

  '@supabase/gotrue-js@2.95.3':
    resolution: {integrity: sha512-6BEnENP8em5Z3PZv64tniQr32HkMSGOrKTgrMDEi0wPEtjt/Coosb/vTAWvaijdxr1ongwCPs8EUMeAnOnDD/g==}
    engines: {node: '>=20.0.0'}

  '@supabase/node-fetch@2.6.15':
    resolution: {integrity: sha512-1ibVeYUacxWYi9i0cf5efil6adJ9WRyZBLivgjs+AUpewx1F3xPi7gLgaASI2SmIQxPoCEjAsLAzKPgMJVgOUQ==}
    engines: {node: 4.x || >=6.0.0}

  '@supabase/postgrest-js@1.21.4':
    resolution: {integrity: sha512-TxZCIjxk6/dP9abAi89VQbWWMBbybpGWyvmIzTd79OeravM13OjR/YEYeyUOPcM1C3QyvXkvPZhUfItvmhY1IQ==}

  '@supabase/realtime-js@2.95.3':
    resolution: {integrity: sha512-D7EAtfU3w6BEUxDACjowWNJo/ZRo7sDIuhuOGKHIm9FHieGeoJV5R6GKTLtga/5l/6fDr2u+WcW/m8I9SYmaIw==}
    engines: {node: '>=20.0.0'}

  '@supabase/storage-js@2.95.3':
    resolution: {integrity: sha512-4GxkJiXI3HHWjxpC3sDx1BVrV87O0hfX+wvJdqGv67KeCu+g44SPnII8y0LL/Wr677jB7tpjAxKdtVWf+xhc9A==}
    engines: {node: '>=20.0.0'}

  '@supabase/supabase-js@2.26.0':
    resolution: {integrity: sha512-RXmTPTobaYAwkSobadHZmEVLmzX3SGrtRZIGfLWnLv92VzBRrjuXn0a+bJqKl50GUzsyqPA+j5pod7EwMkcH5A==}

  '@swc/helpers@0.5.2':
    resolution: {integrity: sha512-E4KcWTpoLHqwPHLxidpOqQbcrZVgi0rsmmZXUle1jXmJfuIf/UWpczUJ7MZZ5tlxytgJXyp0w4PGkkeLiuIdZw==}

  '@types/node@25.2.3':
    resolution: {integrity: sha512-m0jEgYlYz+mDJZ2+F4v8D1AyQb+QzsNqRuI7xg1VQX/KlKS0qT9r1Mo16yo5F/MtifXFgaofIFsdFMox2SxIbQ==}

  '@types/phoenix@1.6.7':
    resolution: {integrity: sha512-oN9ive//QSBkf19rfDv45M7eZPi0eEXylht2OLEXicu5b4KoQ1OzXIw+xDSGWxSxe1JmepRR/ZH283vsu518/Q==}

  '@types/ws@8.18.1':
    resolution: {integrity: sha512-ThVF6DCVhA8kUGy+aazFQ4kXQ7E1Ty7A3ypFOe0IcJV8O/M511G99AW24irKrW56Wt44yG9+ij8FaqoBGkuBXg==}

  busboy@1.6.0:
    resolution: {integrity: sha512-8SFQbg/0hQ9xy3UNTB0YEnsNBbWfhf7RtnzpL7TkBiTBRfrQ9Fxcnz7VJsleJpyp6rVLvXiuORqjlHi5q+PYuA==}
    engines: {node: '>=10.16.0'}

  caniuse-lite@1.0.30001770:
    resolution: {integrity: sha512-x/2CLQ1jHENRbHg5PSId2sXq1CIO1CISvwWAj027ltMVG2UNgW+w9oH2+HzgEIRFembL8bUlXtfbBHR1fCg2xw==}

  chart.js@4.4.0:
    resolution: {integrity: sha512-vQEj6d+z0dcsKLlQvbKIMYFHd3t8W/7L2vfJIbYcfyPcRx92CsHqECpueN8qVGNlKyDcr5wBrYAYKnfu/9Q1hQ==}
    engines: {pnpm: '>=7'}

  client-only@0.0.1:
    resolution: {integrity: sha512-IV3Ou0jSMzZrd3pZ48nLkT9DA7Ag1pnPzaiQhpW7c3RbcqqzvzzVu+L8gfqMp/8IM2MQtSiqaCxrrcfu8I8rMA==}

  cross-fetch@3.2.0:
    resolution: {integrity: sha512-Q+xVJLoGOeIMXZmbUK4HYk+69cQH6LudR0Vu/pRm2YlU/hDV9CiS0gKUMaWY5f2NeUH9C1nV3bsTlCo0FsTV1Q==}

  glob-to-regexp@0.4.1:
    resolution: {integrity: sha512-lkX1HJXwyMcprw/5YUZc2s7DrpAiHB21/V+E1rHUrVNokkvB6bqMzT0VfV6/86ZNabt1k14YOIaT7nDvOX3Iiw==}

  graceful-fs@4.2.11:
    resolution: {integrity: sha512-RbJ5/jmFcNNCcDV5o9eTnBLJ/HszWV0P73bc+Ff4nS/rJj+YaS6IGyiOL0VoBYX+l1Wrl3k63h/KrH+nhJ0XvQ==}

  iceberg-js@0.8.1:
    resolution: {integrity: sha512-1dhVQZXhcHje7798IVM+xoo/1ZdVfzOMIc8/rgVSijRK38EDqOJoGula9N/8ZI5RD8QTxNQtK/Gozpr+qUqRRA==}
    engines: {node: '>=20.0.0'}

  js-tokens@4.0.0:
    resolution: {integrity: sha512-RdJUflcE3cUzKiMqQgsCu06FPu9UdIJO0beYbPhHN4k6apgJtifcoCtT9bcxOpYBtpD2kCM6Sbzg4CausW/PKQ==}

  loose-envify@1.4.0:
    resolution: {integrity: sha512-lyuxPGr/Wfhrlem2CL/UcnUc1zcqKAImBDzukY7Y5F/yQiNdko6+fRLevlw1HgMySw7f611UIY408EtxRSoK3Q==}
    hasBin: true

  nanoid@3.3.11:
    resolution: {integrity: sha512-N8SpfPUnUp1bK+PMYW8qSWdl9U+wwNWI4QKxOYDy9JAro3WMX7p2OeVRF9v+347pnakNevPmiHhNmZ2HbFA76w==}
    engines: {node: ^10 || ^12 || ^13.7 || ^14 || >=15.0.1}
    hasBin: true

  next@13.5.8:
    resolution: {integrity: sha512-VlR7FaXpSibCs7ujOqStaDFTGSdX/NvWgLDcd47oiHUe8i63ZtNkX9intgcYAu/MxpaeEGinHaMB5mwxuzglKw==}
    engines: {node: '>=16.14.0'}
    deprecated: This version has a security vulnerability. Please upgrade to a patched version. See https://nextjs.org/blog/security-update-2025-12-11 for more details.
    hasBin: true
    peerDependencies:
      '@opentelemetry/api': ^1.1.0
      react: ^18.2.0
      react-dom: ^18.2.0
      sass: ^1.3.0
    peerDependenciesMeta:
      '@opentelemetry/api':
        optional: true
      sass:
        optional: true

  node-fetch@2.7.0:
    resolution: {integrity: sha512-c4FRfUm/dbcWZ7U+1Wq0AwCyFL+3nt2bEw05wfxSz+DWpWsitgmSgYmy2dQdWyKC1694ELPqMs/YzUSNozLt8A==}
    engines: {node: 4.x || >=6.0.0}
    peerDependencies:
      encoding: ^0.1.0
    peerDependenciesMeta:
      encoding:
        optional: true

  papaparse@5.4.1:
    resolution: {integrity: sha512-HipMsgJkZu8br23pW15uvo6sib6wne/4woLZPlFf3rpDyMe9ywEXUsuD7+6K9PRkJlVT51j/sCOYDKGGS3ZJrw==}

  picocolors@1.1.1:
    resolution: {integrity: sha512-xceH2snhtb5M9liqDsmEw56le376mTZkEX/jEb/RxNFyegNul7eNslCXP9FDj/Lcu0X8KEyMceP2ntpaHrDEVA==}

  postcss@8.4.31:
    resolution: {integrity: sha512-PS08Iboia9mts/2ygV3eLpY5ghnUcfLV/EXTOW1E2qYxJKGGBUtNjN76FYHnMs36RmARn41bC0AZmn+rR0OVpQ==}
    engines: {node: ^10 || ^12 || >=14}

  react-chartjs-2@5.2.0:
    resolution: {integrity: sha512-98iN5aguJyVSxp5U3CblRLH67J8gkfyGNbiK3c+l1QI/G4irHMPQw44aEPmjVag+YKTyQ260NcF82GTQ3bdscA==}
    peerDependencies:
      chart.js: ^4.1.1
      react: ^16.8.0 || ^17.0.0 || ^18.0.0

  react-dom@18.2.0:
    resolution: {integrity: sha512-6IMTriUmvsjHUjNtEDudZfuDQUoWXVxKHhlEGSk81n4YFS+r/Kl99wXiwlVXtPBtJenozv2P+hxDsw9eA7Xo6g==}
    peerDependencies:
      react: ^18.2.0

  react@18.2.0:
    resolution: {integrity: sha512-/3IjMdb2L9QbBdWiW5e3P2/npwMBaU9mHCSCUzNln0ZCYbcfTsGbTJrU/kGemdH2IWmB2ioZ+zkxtmq6g09fGQ==}
    engines: {node: '>=0.10.0'}

  scheduler@0.23.2:
    resolution: {integrity: sha512-UOShsPwz7NrMUqhR6t0hWjFduvOzbtv7toDH1/hIrfRNIDBnnBWd0CwJTGvTpngVlmwGCdP9/Zl/tVrDqcuYzQ==}

  source-map-js@1.2.1:
    resolution: {integrity: sha512-UXWMKhLOwVKb728IUtQPXxfYU+usdybtUrK/8uGE8CQMvrhOpwvzDBwj0QhSL7MQc7vIsISBG8VQ8+IDQxpfQA==}
    engines: {node: '>=0.10.0'}

  streamsearch@1.1.0:
    resolution: {integrity: sha512-Mcc5wHehp9aXz1ax6bZUyY5afg9u2rv5cqQI3mRrYkGC8rW2hM02jWuwjtL++LS5qinSyhj2QfLyNsuc+VsExg==}
    engines: {node: '>=10.0.0'}

  styled-jsx@5.1.1:
    resolution: {integrity: sha512-pW7uC1l4mBZ8ugbiZrcIsiIvVx1UmTfw7UkC3Um2tmfUq9Bhk8IiyEIPl6F8agHgjzku6j0xQEZbfA5uSgSaCw==}
    engines: {node: '>= 12.0.0'}
    peerDependencies:
      '@babel/core': '*'
      babel-plugin-macros: '*'
      react: '>= 16.8.0 || 17.x.x || ^18.0.0-0'
    peerDependenciesMeta:
      '@babel/core':
        optional: true
      babel-plugin-macros:
        optional: true

  tr46@0.0.3:
    resolution: {integrity: sha512-N3WMsuqV66lT30CrXNbEjx4GEwlow3v6rr4mCcv6prnfwhS01rkgyFdjPNBYd9br7LpXV1+Emh01fHnq2Gdgrw==}

  tslib@2.8.1:
    resolution: {integrity: sha512-oJFu94HQb+KVduSUQL7wnpmqnfmLsOA/nAh6b6EH0wCEoK0/mPeXU6c3wKDV83MkOuHPRHtSXKKU99IBazS/2w==}

  undici-types@7.16.0:
    resolution: {integrity: sha512-Zz+aZWSj8LE6zoxD+xrjh4VfkIG8Ya6LvYkZqtUQGJPZjYl53ypCaUwWqo7eI0x66KBGeRo+mlBEkMSeSZ38Nw==}

  watchpack@2.4.0:
    resolution: {integrity: sha512-Lcvm7MGST/4fup+ifyKi2hjyIAwcdI4HRgtvTpIUxBRhB+RFtUh8XtDOxUfctVCnhVi+QQj49i91OyvzkJl6cg==}
    engines: {node: '>=10.13.0'}

  webidl-conversions@3.0.1:
    resolution: {integrity: sha512-2JAn3z8AR6rjK8Sm8orRC0h/bcl/DqL7tRPdGZ4I1CjdF+EaMLmYxBHyXuKL849eucPFhvBoxMsflfOb8kxaeQ==}

  whatwg-url@5.0.0:
    resolution: {integrity: sha512-saE57nupxk6v3HY35+jzBwYa0rKSy0XR8JSxZPwgLr7ys0IBzhGviA1/TUGJLmSVqs8pb9AnvICXEuOHLprYTw==}

  ws@8.19.0:
    resolution: {integrity: sha512-blAT2mjOEIi0ZzruJfIhb3nps74PRWTCz1IjglWEEpQl5XS/UNama6u2/rjFkDDouqr4L67ry+1aGIALViWjDg==}
    engines: {node: '>=10.0.0'}
    peerDependencies:
      bufferutil: ^4.0.1
      utf-8-validate: '>=5.0.2'
    peerDependenciesMeta:
      bufferutil:
        optional: true
      utf-8-validate:
        optional: true

snapshots:

  '@kurkle/color@0.3.4': {}

  '@next/env@13.5.8': {}

  '@next/swc-darwin-arm64@13.5.8':
    optional: true

  '@next/swc-darwin-x64@13.5.8':
    optional: true

  '@next/swc-linux-arm64-gnu@13.5.8':
    optional: true

  '@next/swc-linux-arm64-musl@13.5.8':
    optional: true

  '@next/swc-linux-x64-gnu@13.5.8':
    optional: true

  '@next/swc-linux-x64-musl@13.5.8':
    optional: true

  '@next/swc-win32-arm64-msvc@13.5.8':
    optional: true

  '@next/swc-win32-ia32-msvc@13.5.8':
    optional: true

  '@next/swc-win32-x64-msvc@13.5.8':
    optional: true

  '@supabase/functions-js@2.95.3':
    dependencies:
      tslib: 2.8.1

  '@supabase/gotrue-js@2.95.3':
    dependencies:
      tslib: 2.8.1

  '@supabase/node-fetch@2.6.15':
    dependencies:
      whatwg-url: 5.0.0

  '@supabase/postgrest-js@1.21.4':
    dependencies:
      '@supabase/node-fetch': 2.6.15

  '@supabase/realtime-js@2.95.3':
    dependencies:
      '@types/phoenix': 1.6.7
      '@types/ws': 8.18.1
      tslib: 2.8.1
      ws: 8.19.0
    transitivePeerDependencies:
      - bufferutil
      - utf-8-validate

  '@supabase/storage-js@2.95.3':
    dependencies:
      iceberg-js: 0.8.1
      tslib: 2.8.1

  '@supabase/supabase-js@2.26.0':
    dependencies:
      '@supabase/functions-js': 2.95.3
      '@supabase/gotrue-js': 2.95.3
      '@supabase/postgrest-js': 1.21.4
      '@supabase/realtime-js': 2.95.3
      '@supabase/storage-js': 2.95.3
      cross-fetch: 3.2.0
    transitivePeerDependencies:
      - bufferutil
      - encoding
      - utf-8-validate

  '@swc/helpers@0.5.2':
    dependencies:
      tslib: 2.8.1

  '@types/node@25.2.3':
    dependencies:
      undici-types: 7.16.0

  '@types/phoenix@1.6.7': {}

  '@types/ws@8.18.1':
    dependencies:
      '@types/node': 25.2.3

  busboy@1.6.0:
    dependencies:
      streamsearch: 1.1.0

  caniuse-lite@1.0.30001770: {}

  chart.js@4.4.0:
    dependencies:
      '@kurkle/color': 0.3.4

  client-only@0.0.1: {}

  cross-fetch@3.2.0:
    dependencies:
      node-fetch: 2.7.0
    transitivePeerDependencies:
      - encoding

  glob-to-regexp@0.4.1: {}

  graceful-fs@4.2.11: {}

  iceberg-js@0.8.1: {}

  js-tokens@4.0.0: {}

  loose-envify@1.4.0:
    dependencies:
      js-tokens: 4.0.0

  nanoid@3.3.11: {}

  next@13.5.8(react-dom@18.2.0(react@18.2.0))(react@18.2.0):
    dependencies:
      '@next/env': 13.5.8
      '@swc/helpers': 0.5.2
      busboy: 1.6.0
      caniuse-lite: 1.0.30001770
      postcss: 8.4.31
      react: 18.2.0
      react-dom: 18.2.0(react@18.2.0)
      styled-jsx: 5.1.1(react@18.2.0)
      watchpack: 2.4.0
    optionalDependencies:
      '@next/swc-darwin-arm64': 13.5.8
      '@next/swc-darwin-x64': 13.5.8
      '@next/swc-linux-arm64-gnu': 13.5.8
      '@next/swc-linux-arm64-musl': 13.5.8
      '@next/swc-linux-x64-gnu': 13.5.8
      '@next/swc-linux-x64-musl': 13.5.8
      '@next/swc-win32-arm64-msvc': 13.5.8
      '@next/swc-win32-ia32-msvc': 13.5.8
      '@next/swc-win32-x64-msvc': 13.5.8
    transitivePeerDependencies:
      - '@babel/core'
      - babel-plugin-macros

  node-fetch@2.7.0:
    dependencies:
      whatwg-url: 5.0.0

  papaparse@5.4.1: {}

  picocolors@1.1.1: {}

  postcss@8.4.31:
    dependencies:
      nanoid: 3.3.11
      picocolors: 1.1.1
      source-map-js: 1.2.1

  react-chartjs-2@5.2.0(chart.js@4.4.0)(react@18.2.0):
    dependencies:
      chart.js: 4.4.0
      react: 18.2.0

  react-dom@18.2.0(react@18.2.0):
    dependencies:
      loose-envify: 1.4.0
      react: 18.2.0
      scheduler: 0.23.2

  react@18.2.0:
    dependencies:
      loose-envify: 1.4.0

  scheduler@0.23.2:
    dependencies:
      loose-envify: 1.4.0

  source-map-js@1.2.1: {}

  streamsearch@1.1.0: {}

  styled-jsx@5.1.1(react@18.2.0):
    dependencies:
      client-only: 0.0.1
      react: 18.2.0

  tr46@0.0.3: {}

  tslib@2.8.1: {}

  undici-types@7.16.0: {}

  watchpack@2.4.0:
    dependencies:
      glob-to-regexp: 0.4.1
      graceful-fs: 4.2.11

  webidl-conversions@3.0.1: {}

  whatwg-url@5.0.0:
    dependencies:
      tr46: 0.0.3
      webidl-conversions: 3.0.1

  ws@8.19.0: {}
